
Microsoft Visual Studio Solution File, Format Version 12.00
# Visual Studio 15
VisualStudioVersion = 15.0.27004.2009
MinimumVisualStudioVersion = 10.0.40219.1
Project("{FAE04EC0-301F-11D3-BF4B-00C04F79EFBC}") = "flappyBird", "flappyBird\flappyBird.csproj", "{00C26809-B02D-4994-8C0A-642F10A43C79}"
EndProject
Global
	GlobalSection(SolutionConfigurationPlatforms) = preSolution
		Debug|Any CPU = Debug|Any CPU
		Release|Any CPU = Release|Any CPU
	EndGlobalSection
	GlobalSection(ProjectConfigurationPlatforms) = postSolution
		{00C26809-B02D-4994-8C0A-642F10A43C79}.Debug|Any CPU.ActiveCfg = Debug|Any CPU
		{00C26809-B02D-4994-8C0A-642F10A43C79}.Debug|Any CPU.Build.0 = Debug|Any CPU
		{00C26809-B02D-4994-8C0A-642F10A43C79}.Release|Any CPU.ActiveCfg = Release|Any CPU
		{00C26809-B02D-4994-8C0A-642F10A43C79}.Release|Any CPU.Build.0 = Release|Any CPU
	EndGlobalSection
	GlobalSection(SolutionProperties) = preSolution
		HideSolutionNode = FALSE
	EndGlobalSection
	GlobalSection(ExtensibilityGlobals) = postSolution
		SolutionGuid = {C61DB7A2-B9C7-4602-8796-1E7E815AB6A2}
	EndGlobalSection
EndGlobal
